PODS:
  - GoogleMaps (2.1.1):
    - GoogleMaps/Maps (= 2.1.1)
  - GoogleMaps/Base (2.1.1)
  - GoogleMaps/Maps (2.1.1):
    - GoogleMaps/Base
  - GooglePlacePicker (2.1.1):
    - GoogleMaps (= 2.1.1)
    - GooglePlaces (= 2.1.1)
  - GooglePlaces (2.1.1):
    - GoogleMaps/Base (= 2.1.1)

DEPENDENCIES:
  - GoogleMaps (= 2.1.1)
  - GooglePlacePicker
  - GooglePlaces (= 2.1.1)

SPEC CHECKSUMS:
  GoogleMaps: a5b5bbe47734e2443bde781a6aa64e69fdb6d785
  GooglePlacePicker: 665f39f931f2df32f9dd3fcc45f7e8abf71e535c
  GooglePlaces: 35636d86e5020cba3856eb988c09a5491de0a65a

PODFILE CHECKSUM: 76e24e06cb04778895b46ee0a36995d99dded9a2

COCOAPODS: 1.1.1
